
Microsoft Visual Studio Solution File, Format Version 12.00
# Visual Studio Version 16
VisualStudioVersion = 16.0.30114.105
MinimumVisualStudioVersion = 10.0.40219.1
Project("{FAE04EC0-301F-11D3-BF4B-00C04F79EFBC}") = "R5T.Delos", "R5T.Delos\R5T.Delos.csproj", "{AA05DF9F-0386-4733-AD32-7998D8AEA7E0}"
EndProject
Project("{FAE04EC0-301F-11D3-BF4B-00C04F79EFBC}") = "R5T.Delos.Construction", "R5T.Delos.Construction\R5T.Delos.Construction.csproj", "{CFC9D4D0-C983-4FA5-A8F1-6A0033EE3E0E}"
EndProject
Project("{FAE04EC0-301F-11D3-BF4B-00C04F79EFBC}") = "R5T.Delos.Testing", "R5T.Delos.Testing\R5T.Delos.Testing.csproj", "{45D34A46-A0E5-45AC-92A4-B1E992AAE409}"
EndProject
Global
	GlobalSection(SolutionConfigurationPlatforms) = preSolution
		Debug|Any CPU = Debug|Any CPU
		Debug|x64 = Debug|x64
		Debug|x86 = Debug|x86
		Release|Any CPU = Release|Any CPU
		Release|x64 = Release|x64
		Release|x86 = Release|x86
	EndGlobalSection
	GlobalSection(SolutionProperties) = preSolution
		HideSolutionNode = FALSE
	EndGlobalSection
	GlobalSection(ProjectConfigurationPlatforms) = postSolution
		{AA05DF9F-0386-4733-AD32-7998D8AEA7E0}.Debug|Any CPU.ActiveCfg = Debug|Any CPU
		{AA05DF9F-0386-4733-AD32-7998D8AEA7E0}.Debug|Any CPU.Build.0 = Debug|Any CPU
		{AA05DF9F-0386-4733-AD32-7998D8AEA7E0}.Debug|x64.ActiveCfg = Debug|Any CPU
		{AA05DF9F-0386-4733-AD32-7998D8AEA7E0}.Debug|x64.Build.0 = Debug|Any CPU
		{AA05DF9F-0386-4733-AD32-7998D8AEA7E0}.Debug|x86.ActiveCfg = Debug|Any CPU
		{AA05DF9F-0386-4733-AD32-7998D8AEA7E0}.Debug|x86.Build.0 = Debug|Any CPU
		{AA05DF9F-0386-4733-AD32-7998D8AEA7E0}.Release|Any CPU.ActiveCfg = Release|Any CPU
		{AA05DF9F-0386-4733-AD32-7998D8AEA7E0}.Release|Any CPU.Build.0 = Release|Any CPU
		{AA05DF9F-0386-4733-AD32-7998D8AEA7E0}.Release|x64.ActiveCfg = Release|Any CPU
		{AA05DF9F-0386-4733-AD32-7998D8AEA7E0}.Release|x64.Build.0 = Release|Any CPU
		{AA05DF9F-0386-4733-AD32-7998D8AEA7E0}.Release|x86.ActiveCfg = Release|Any CPU
		{AA05DF9F-0386-4733-AD32-7998D8AEA7E0}.Release|x86.Build.0 = Release|Any CPU
		{CFC9D4D0-C983-4FA5-A8F1-6A0033EE3E0E}.Debug|Any CPU.ActiveCfg = Debug|Any CPU
		{CFC9D4D0-C983-4FA5-A8F1-6A0033EE3E0E}.Debug|Any CPU.Build.0 = Debug|Any CPU
		{CFC9D4D0-C983-4FA5-A8F1-6A0033EE3E0E}.Debug|x64.ActiveCfg = Debug|Any CPU
		{CFC9D4D0-C983-4FA5-A8F1-6A0033EE3E0E}.Debug|x64.Build.0 = Debug|Any CPU
		{CFC9D4D0-C983-4FA5-A8F1-6A0033EE3E0E}.Debug|x86.ActiveCfg = Debug|Any CPU
		{CFC9D4D0-C983-4FA5-A8F1-6A0033EE3E0E}.Debug|x86.Build.0 = Debug|Any CPU
		{CFC9D4D0-C983-4FA5-A8F1-6A0033EE3E0E}.Release|Any CPU.ActiveCfg = Release|Any CPU
		{CFC9D4D0-C983-4FA5-A8F1-6A0033EE3E0E}.Release|Any CPU.Build.0 = Release|Any CPU
		{CFC9D4D0-C983-4FA5-A8F1-6A0033EE3E0E}.Release|x64.ActiveCfg = Release|Any CPU
		{CFC9D4D0-C983-4FA5-A8F1-6A0033EE3E0E}.Release|x64.Build.0 = Release|Any CPU
		{CFC9D4D0-C983-4FA5-A8F1-6A0033EE3E0E}.Release|x86.ActiveCfg = Release|Any CPU
		{CFC9D4D0-C983-4FA5-A8F1-6A0033EE3E0E}.Release|x86.Build.0 = Release|Any CPU
		{45D34A46-A0E5-45AC-92A4-B1E992AAE409}.Debug|Any CPU.ActiveCfg = Debug|Any CPU
		{45D34A46-A0E5-45AC-92A4-B1E992AAE409}.Debug|Any CPU.Build.0 = Debug|Any CPU
		{45D34A46-A0E5-45AC-92A4-B1E992AAE409}.Debug|x64.ActiveCfg = Debug|Any CPU
		{45D34A46-A0E5-45AC-92A4-B1E992AAE409}.Debug|x64.Build.0 = Debug|Any CPU
		{45D34A46-A0E5-45AC-92A4-B1E992AAE409}.Debug|x86.ActiveCfg = Debug|Any CPU
		{45D34A46-A0E5-45AC-92A4-B1E992AAE409}.Debug|x86.Build.0 = Debug|Any CPU
		{45D34A46-A0E5-45AC-92A4-B1E992AAE409}.Release|Any CPU.ActiveCfg = Release|Any CPU
		{45D34A46-A0E5-45AC-92A4-B1E992AAE409}.Release|Any CPU.Build.0 = Release|Any CPU
		{45D34A46-A0E5-45AC-92A4-B1E992AAE409}.Release|x64.ActiveCfg = Release|Any CPU
		{45D34A46-A0E5-45AC-92A4-B1E992AAE409}.Release|x64.Build.0 = Release|Any CPU
		{45D34A46-A0E5-45AC-92A4-B1E992AAE409}.Release|x86.ActiveCfg = Release|Any CPU
		{45D34A46-A0E5-45AC-92A4-B1E992AAE409}.Release|x86.Build.0 = Release|Any CPU
	EndGlobalSection
EndGlobal
